// !$*UTF8*$!
{
	archiveVersion = 1;
	classes = {
	};
	objectVersion = 56;
	objects = {

/* Begin PBXBuildFile section */
		699B9A5D2A06104D00848A66 /* AppDelegate.swift in Sources */ = {isa = PBXBuildFile; fileRef = 699B9A5C2A06104D00848A66 /* AppDelegate.swift */; };
		699B9A5F2A06104D00848A66 /* SceneDelegate.swift in Sources */ = {isa = PBXBuildFile; fileRef = 699B9A5E2A06104D00848A66 /* SceneDelegate.swift */; };
		699B9A612A06104D00848A66 /* ViewController.swift in Sources */ = {isa = PBXBuildFile; fileRef = 699B9A602A06104D00848A66 /* ViewController.swift */; };
		699B9A642A06104D00848A66 /* Main.storyboard in Resources */ = {isa = PBXBuildFile; fileRef = 699B9A622A06104D00848A66 /* Main.storyboard */; };
		699B9A662A06105000848A66 /* Assets.xcassets in Resources */ = {isa = PBXBuildFile; fileRef = 699B9A652A06105000848A66 /* Assets.xcassets */; };
		699B9A692A06105000848A66 /* LaunchScreen.storyboard in Resources */ = {isa = PBXBuildFile; fileRef = 699B9A672A06105000848A66 /* LaunchScreen.storyboard */; };
		E0EE36431D88C946AA3E91C6 /* Pods_Star_Wars_Database.framework in Frameworks */ = {isa = PBXBuildFile; fileRef = F3D062FC481A0DD6B93146B6 /* Pods_Star_Wars_Database.framework */; };
/* End PBXBuildFile section */

/* Begin PBXFileReference section */
		4BC363CF9055C75AFA62126F /* Pods-Star Wars Database.release.xcconfig */ = {isa = PBXFileReference; includeInIndex = 1; lastKnownFileType = text.xcconfig; name = "Pods-Star Wars Database.release.xcconfig"; path = "Target Support Files/Pods-Star Wars Database/Pods-Star Wars Database.release.xcconfig"; sourceTree = "<group>"; };
		4C81E743042C60E268D5B9A0 /* Pods-Star Wars Database.debug.xcconfig */ = {isa = PBXFileReference; includeInIndex = 1; lastKnownFileType = text.xcconfig; name = "Pods-Star Wars Database.debug.xcconfig"; path = "Target Support Files/Pods-Star Wars Database/Pods-Star Wars Database.debug.xcconfig"; sourceTree = "<group>"; };
		699B9A592A06104D00848A66 /* Star Wars Database.app */ = {isa = PBXFileReference; explicitFileType = wrapper.application; includeInIndex = 0; path = "Star Wars Database.app"; sourceTree = BUILT_PRODUCTS_DIR; };
		699B9A5C2A06104D00848A66 /* AppDelegate.swift */ = {isa = PBXFileReference; lastKnownFileType = sourcecode.swift; path = AppDelegate.swift; sourceTree = "<group>"; };
		699B9A5E2A06104D00848A66 /* SceneDelegate.swift */ = {isa = PBXFileReference; lastKnownFileType = sourcecode.swift; path = SceneDelegate.swift; sourceTree = "<group>"; };
		699B9A602A06104D00848A66 /* ViewController.swift */ = {isa = PBXFileReference; lastKnownFileType = sourcecode.swift; path = ViewController.swift; sourceTree = "<group>"; };
		699B9A632A06104D00848A66 /* Base */ = {isa = PBXFileReference; lastKnownFileType = file.storyboard; name = Base; path = Base.lproj/Main.storyboard; sourceTree = "<group>"; };
		699B9A652A06105000848A66 /* Assets.xcassets */ = {isa = PBXFileReference; lastKnownFileType = folder.assetcatalog; path = Assets.xcassets; sourceTree = "<group>"; };
		699B9A682A06105000848A66 /* Base */ = {isa = PBXFileReference; lastKnownFileType = file.storyboard; name = Base; path = Base.lproj/LaunchScreen.storyboard; sourceTree = "<group>"; };
		699B9A6A2A06105000848A66 /* Info.plist */ = {isa = PBXFileReference; lastKnownFileType = text.plist.xml; path = Info.plist; sourceTree = "<group>"; };
		F3D062FC481A0DD6B93146B6 /* Pods_Star_Wars_Database.framework */ = {isa = PBXFileReference; explicitFileType = wrapper.framework; includeInIndex = 0; path = Pods_Star_Wars_Database.framework; sourceTree = BUILT_PRODUCTS_DIR; };
/* End PBXFileReference section */

/* Begin PBXFrameworksBuildPhase section */
		699B9A562A06104D00848A66 /* Frameworks */ = {
			isa = PBXFrameworksBuildPhase;
			buildActionMask = 2147483647;
			files = (
				E0EE36431D88C946AA3E91C6 /* Pods_Star_Wars_Database.framework in Frameworks */,
			);
			runOnlyForDeploymentPostprocessing = 0;
		};
/* End PBXFrameworksBuildPhase section */

/* Begin PBXGroup section */
		699B9A502A06104D00848A66 = {
			isa = PBXGroup;
			children = (
				699B9A5B2A06104D00848A66 /* Star Wars Database */,
				699B9A5A2A06104D00848A66 /* Products */,
				B8004BD25B0F8C432133619B /* Pods */,
				CDA6DDC3BD603CD787D2F3C9 /* Frameworks */,
			);
			sourceTree = "<group>";
		};
		699B9A5A2A06104D00848A66 /* Products */ = {
			isa = PBXGroup;
			children = (
				699B9A592A06104D00848A66 /* Star Wars Database.app */,
			);
			name = Products;
			sourceTree = "<group>";
		};
		699B9A5B2A06104D00848A66 /* Star Wars Database */ = {
			isa = PBXGroup;
			children = (
				699B9A5C2A06104D00848A66 /* AppDelegate.swift */,
				699B9A5E2A06104D00848A66 /* SceneDelegate.swift */,
				699B9A602A06104D00848A66 /* ViewController.swift */,
				699B9A622A06104D00848A66 /* Main.storyboard */,
				699B9A652A06105000848A66 /* Assets.xcassets */,
				699B9A672A06105000848A66 /* LaunchScreen.storyboard */,
				699B9A6A2A06105000848A66 /* Info.plist */,
			);
			path = "Star Wars Database";
			sourceTree = "<group>";
		};
		B8004BD25B0F8C432133619B /* Pods */ = {
			isa = PBXGroup;
			children = (
				4C81E743042C60E268D5B9A0 /* Pods-Star Wars Database.debug.xcconfig */,
				4BC363CF9055C75AFA62126F /* Pods-Star Wars Database.release.xcconfig */,
			);
			name = Pods;
			path = Pods;
			sourceTree = "<group>";
		};
		CDA6DDC3BD603CD787D2F3C9 /* Frameworks */ = {
			isa = PBXGroup;
			children = (
				F3D062FC481A0DD6B93146B6 /* Pods_Star_Wars_Database.framework */,
			);
			name = Frameworks;
			sourceTree = "<group>";
		};
/* End PBXGroup section */

/* Begin PBXNativeTarget section */
		699B9A582A06104D00848A66 /* Star Wars Database */ = {
			isa = PBXNativeTarget;
			buildConfigurationList = 699B9A6D2A06105000848A66 /* Build configuration list for PBXNativeTarget "Star Wars Database" */;
			buildPhases = (
				C7BE240E27618EA4B3B65194 /* [CP] Check Pods Manifest.lock */,
				699B9A552A06104D00848A66 /* Sources */,
				699B9A562A06104D00848A66 /* Frameworks */,
				699B9A572A06104D00848A66 /* Resources */,
			);
			buildRules = (
			);
			dependencies = (
			);
			name = "Star Wars Database";
			productName = "Star Wars Database";
			productReference = 699B9A592A06104D00848A66 /* Star Wars Database.app */;
			productType = "com.apple.product-type.application";
		};
/* End PBXNativeTarget section */

/* Begin PBXProject section */
		699B9A512A06104D00848A66 /* Project object */ = {
			isa = PBXProject;
			attributes = {
				BuildIndependentTargetsInParallel = 1;
				LastSwiftUpdateCheck = 1400;
				LastUpgradeCheck = 1400;
				TargetAttributes = {
					699B9A582A06104D00848A66 = {
						CreatedOnToolsVersion = 14.0.1;
					};
				};
			};
			buildConfigurationList = 699B9A542A06104D00848A66 /* Build configuration list for PBXProject "Star Wars Database" */;
			compatibilityVersion = "Xcode 14.0";
			developmentRegion = en;
			hasScannedForEncodings = 0;
			knownRegions = (
				en,
				Base,
			);
			mainGroup = 699B9A502A06104D00848A66;
			productRefGroup = 699B9A5A2A06104D00848A66 /* Products */;
			projectDirPath = "";
			projectRoot = "";
			targets = (
				699B9A582A06104D00848A66 /* Star Wars Database */,
			);
		};
/* End PBXProject section */

/* Begin PBXResourcesBuildPhase section */
		699B9A572A06104D00848A66 /* Resources */ = {
			isa = PBXResourcesBuildPhase;
			buildActionMask = 2147483647;
			files = (
				699B9A692A06105000848A66 /* LaunchScreen.storyboard in Resources */,
				699B9A662A06105000848A66 /* Assets.xcassets in Resources */,
				699B9A642A06104D00848A66 /* Main.storyboard in Resources */,
			);
			runOnlyForDeploymentPostprocessing = 0;
		};
/* End PBXResourcesBuildPhase section */

/* Begin PBXShellScriptBuildPhase section */
		C7BE240E27618EA4B3B65194 /* [CP] Check Pods Manifest.lock */ = {
			isa = PBXShellScriptBuildPhase;
			buildActionMask = 2147483647;
			files = (
			);
			inputFileListPaths = (
			);
			inputPaths = (
				"${PODS_PODFILE_DIR_PATH}/Podfile.lock",
				"${PODS_ROOT}/Manifest.lock",
			);
			name = "[CP] Check Pods Manifest.lock";
			outputFileListPaths = (
			);
			outputPaths = (
				"$(DERIVED_FILE_DIR)/Pods-Star Wars Database-checkManifestLockResult.txt",
			);
			runOnlyForDeploymentPostprocessing = 0;
			shellPath = /bin/sh;
			shellScript = "diff \"${PODS_PODFILE_DIR_PATH}/Podfile.lock\" \"${PODS_ROOT}/Manifest.lock\" > /dev/null\nif [ $? != 0 ] ; then\n    # print error to STDERR\n    echo \"error: The sandbox is not in sync with the Podfile.lock. Run 'pod install' or update your CocoaPods installation.\" >&2\n    exit 1\nfi\n# This output is used by Xcode 'outputs' to avoid re-running this script phase.\necho \"SUCCESS\" > \"${SCRIPT_OUTPUT_FILE_0}\"\n";
			showEnvVarsInLog = 0;
		};
/* End PBXShellScriptBuildPhase section */

/* Begin PBXSourcesBuildPhase section */
		699B9A552A06104D00848A66 /* Sources */ = {
			isa = PBXSourcesBuildPhase;
			buildActionMask = 2147483647;
			files = (
				699B9A612A06104D00848A66 /* ViewController.swift in Sources */,
				699B9A5D2A06104D00848A66 /* AppDelegate.swift in Sources */,
				699B9A5F2A06104D00848A66 /* SceneDelegate.swift in Sources */,
			);
			runOnlyForDeploymentPostprocessing = 0;
		};
/* End PBXSourcesBuildPhase section */

/* Begin PBXVariantGroup section */
		699B9A622A06104D00848A66 /* Main.storyboard */ = {
			isa = PBXVariantGroup;
			children = (
				699B9A632A06104D00848A66 /* Base */,
			);
			name = Main.storyboard;
			sourceTree = "<group>";
		};
		699B9A672A06105000848A66 /* LaunchScreen.storyboard */ = {
			isa = PBXVariantGroup;
			children = (
				699B9A682A06105000848A66 /* Base */,
			);
			name = LaunchScreen.storyboard;
			sourceTree = "<group>";
		};
/* End PBXVariantGroup section */

/* Begin XCBuildConfiguration section */
		699B9A6B2A06105000848A66 /* Debug */ = {
			isa = XCBuildConfiguration;
			buildSettings = {
				ALWAYS_SEARCH_USER_PATHS = NO;
				CLANG_ANALYZER_NONNULL = YES;
				CLANG_ANALYZER_NUMBER_OBJECT_CONVERSION = YES_AGGRESSIVE;
				CLANG_CXX_LANGUAGE_STANDARD = "gnu++20";
				CLANG_ENABLE_MODULES = YES;
				CLANG_ENABLE_OBJC_ARC = YES;
				CLANG_ENABLE_OBJC_WEAK = YES;
				CLANG_WARN_BLOCK_CAPTURE_AUTORELEASING = YES;
				CLANG_WARN_BOOL_CONVERSION = YES;
				CLANG_WARN_COMMA = YES;
				CLANG_WARN_CONSTANT_CONVERSION = YES;
				CLANG_WARN_DEPRECATED_OBJC_IMPLEMENTATIONS = YES;
				CLANG_WARN_DIRECT_OBJC_ISA_USAGE = YES_ERROR;
				CLANG_WARN_DOCUMENTATION_COMMENTS = YES;
				CLANG_WARN_EMPTY_BODY = YES;
				CLANG_WARN_ENUM_CONVERSION = YES;
				CLANG_WARN_INFINITE_RECURSION = YES;
				CLANG_WARN_INT_CONVERSION = YES;
				CLANG_WARN_NON_LITERAL_NULL_CONVERSION = YES;
				CLANG_WARN_OBJC_IMPLICIT_RETAIN_SELF = YES;
				CLANG_WARN_OBJC_LITERAL_CONVERSION = YES;
				CLANG_WARN_OBJC_ROOT_CLASS = YES_ERROR;
				CLANG_WARN_QUOTED_INCLUDE_IN_FRAMEWORK_HEADER = YES;
				CLANG_WARN_RANGE_LOOP_ANALYSIS = YES;
				CLANG_WARN_STRICT_PROTOTYPES = YES;
				CLANG_WARN_SUSPICIOUS_MOVE = YES;
				CLANG_WARN_UNGUARDED_AVAILABILITY = YES_AGGRESSIVE;
				CLANG_WARN_UNREACHABLE_CODE = YES;
				CLANG_WARN__DUPLICATE_METHOD_MATCH = YES;
				COPY_PHASE_STRIP = NO;
				DEBUG_INFORMATION_FORMAT = dwarf;
				ENABLE_STRICT_OBJC_MSGSEND = YES;
				ENABLE_TESTABILITY = YES;
				GCC_C_LANGUAGE_STANDARD = gnu11;
				GCC_DYNAMIC_NO_PIC = NO;
				GCC_NO_COMMON_BLOCKS = YES;
				GCC_OPTIMIZATION_LEVEL = 0;
				GCC_PREPROCESSOR_DEFINITIONS = (
					"DEBUG=1",
					"$(inherited)",
				);
				GCC_WARN_64_TO_32_BIT_CONVERSION = YES;
				GCC_WARN_ABOUT_RETURN_TYPE = YES_ERROR;
				GCC_WARN_UNDECLARED_SELECTOR = YES;
				GCC_WARN_UNINITIALIZED_AUTOS = YES_AGGRESSIVE;
				GCC_WARN_UNUSED_FUNCTION = YES;
				GCC_WARN_UNUSED_VARIABLE = YES;
				IPHONEOS_DEPLOYMENT_TARGET = 16.0;
				MTL_ENABLE_DEBUG_INFO = INCLUDE_SOURCE;
				MTL_FAST_MATH = YES;
				ONLY_ACTIVE_ARCH = YES;
				SDKROOT = iphoneos;
				SWIFT_ACTIVE_COMPILATION_CONDITIONS = DEBUG;
				SWIFT_OPTIMIZATION_LEVEL = "-Onone";
			};
			name = Debug;
		};
		699B9A6C2A06105000848A66 /* Release */ = {
			isa = XCBuildConfiguration;
			buildSettings = {
				ALWAYS_SEARCH_USER_PATHS = NO;
				CLANG_ANALYZER_NONNULL = YES;
				CLANG_ANALYZER_NUMBER_OBJECT_CONVERSION = YES_AGGRESSIVE;
				CLANG_CXX_LANGUAGE_STANDARD = "gnu++20";
				CLANG_ENABLE_MODULES = YES;
				CLANG_ENABLE_OBJC_ARC = YES;
				CLANG_ENABLE_OBJC_WEAK = YES;
				CLANG_WARN_BLOCK_CAPTURE_AUTORELEASING = YES;
				CLANG_WARN_BOOL_CONVERSION = YES;
				CLANG_WARN_COMMA = YES;
				CLANG_WARN_CONSTANT_CONVERSION = YES;
				CLANG_WARN_DEPRECATED_OBJC_IMPLEMENTATIONS = YES;
				CLANG_WARN_DIRECT_OBJC_ISA_USAGE = YES_ERROR;
				CLANG_WARN_DOCUMENTATION_COMMENTS = YES;
				CLANG_WARN_EMPTY_BODY = YES;
				CLANG_WARN_ENUM_CONVERSION = YES;
				CLANG_WARN_INFINITE_RECURSION = YES;
				CLANG_WARN_INT_CONVERSION = YES;
				CLANG_WARN_NON_LITERAL_NULL_CONVERSION = YES;
				CLANG_WARN_OBJC_IMPLICIT_RETAIN_SELF = YES;
				CLANG_WARN_OBJC_LITERAL_CONVERSION = YES;
				CLANG_WARN_OBJC_ROOT_CLASS = YES_ERROR;
				CLANG_WARN_QUOTED_INCLUDE_IN_FRAMEWORK_HEADER = YES;
				CLANG_WARN_RANGE_LOOP_ANALYSIS = YES;
				CLANG_WARN_STRICT_PROTOTYPES = YES;
				CLANG_WARN_SUSPICIOUS_MOVE = YES;
				CLANG_WARN_UNGUARDED_AVAILABILITY = YES_AGGRESSIVE;
				CLANG_WARN_UNREACHABLE_CODE = YES;
				CLANG_WARN__DUPLICATE_METHOD_MATCH = YES;
				COPY_PHASE_STRIP = NO;
				DEBUG_INFORMATION_FORMAT = "dwarf-with-dsym";
				ENABLE_NS_ASSERTIONS = NO;
				ENABLE_STRICT_OBJC_MSGSEND = YES;
				GCC_C_LANGUAGE_STANDARD = gnu11;
				GCC_NO_COMMON_BLOCKS = YES;
				GCC_WARN_64_TO_32_BIT_CONVERSION = YES;
				GCC_WARN_ABOUT_RETURN_TYPE = YES_ERROR;
				GCC_WARN_UNDECLARED_SELECTOR = YES;
				GCC_WARN_UNINITIALIZED_AUTOS = YES_AGGRESSIVE;
				GCC_WARN_UNUSED_FUNCTION = YES;
				GCC_WARN_UNUSED_VARIABLE = YES;
				IPHONEOS_DEPLOYMENT_TARGET = 16.0;
				MTL_ENABLE_DEBUG_INFO = NO;
				MTL_FAST_MATH = YES;
				SDKROOT = iphoneos;
				SWIFT_COMPILATION_MODE = wholemodule;
				SWIFT_OPTIMIZATION_LEVEL = "-O";
				VALIDATE_PRODUCT = YES;
			};
			name = Release;
		};
		699B9A6E2A06105000848A66 /* Debug */ = {
			isa = XCBuildConfiguration;
			baseConfigurationReference = 4C81E743042C60E268D5B9A0 /* Pods-Star Wars Database.debug.xcconfig */;
			buildSettings = {
				ASSETCATALOG_COMPILER_APPICON_NAME = AppIcon;
				ASSETCATALOG_COMPILER_GLOBAL_ACCENT_COLOR_NAME = AccentColor;
				CODE_SIGN_STYLE = Automatic;
				CURRENT_PROJECT_VERSION = 1;
				DEVELOPMENT_TEAM = 6KMVK5CC4Q;
				GENERATE_INFOPLIST_FILE = YES;
				INFOPLIST_FILE = "Star Wars Database/Info.plist";
				INFOPLIST_KEY_UIApplicationSupportsIndirectInputEvents = YES;
				INFOPLIST_KEY_UILaunchStoryboardName = LaunchScreen;
				INFOPLIST_KEY_UIMainStoryboardFile = Main;
				INFOPLIST_KEY_UISupportedInterfaceOrientations_iPad = "UIInterfaceOrientationPortrait UIInterfaceOrientationPortraitUpsideDown UIInterfaceOrientationLandscapeLeft UIInterfaceOrientationLandscapeRight";
				INFOPLIST_KEY_UISupportedInterfaceOrientations_iPhone = "UIInterfaceOrientationPortrait UIInterfaceOrientationLandscapeLeft UIInterfaceOrientationLandscapeRight";
				LD_RUNPATH_SEARCH_PATHS = (
					"$(inherited)",
					"@executable_path/Frameworks",
				);
				MARKETING_VERSION = 1.0;
				PRODUCT_BUNDLE_IDENTIFIER = "com.creative.Star-Wars-Database";
				PRODUCT_NAME = "$(TARGET_NAME)";
				SWIFT_EMIT_LOC_STRINGS = YES;
				SWIFT_VERSION = 5.0;
				TARGETED_DEVICE_FAMILY = "1,2";
			};
			name = Debug;
		};
		699B9A6F2A06105000848A66 /* Release */ = {
			isa = XCBuildConfiguration;
			baseConfigurationReference = 4BC363CF9055C75AFA62126F /* Pods-Star Wars Database.release.xcconfig */;
			buildSettings = {
				ASSETCATALOG_COMPILER_APPICON_NAME = AppIcon;
				ASSETCATALOG_COMPILER_GLOBAL_ACCENT_COLOR_NAME = AccentColor;
				CODE_SIGN_STYLE = Automatic;
				CURRENT_PROJECT_VERSION = 1;
				DEVELOPMENT_TEAM = 6KMVK5CC4Q;
				GENERATE_INFOPLIST_FILE = YES;
				INFOPLIST_FILE = "Star Wars Database/Info.plist";
				INFOPLIST_KEY_UIApplicationSupportsIndirectInputEvents = YES;
				INFOPLIST_KEY_UILaunchStoryboardName = LaunchScreen;
				INFOPLIST_KEY_UIMainStoryboardFile = Main;
				INFOPLIST_KEY_UISupportedInterfaceOrientations_iPad = "UIInterfaceOrientationPortrait UIInterfaceOrientationPortraitUpsideDown UIInterfaceOrientationLandscapeLeft UIInterfaceOrientationLandscapeRight";
				INFOPLIST_KEY_UISupportedInterfaceOrientations_iPhone = "UIInterfaceOrientationPortrait UIInterfaceOrientationLandscapeLeft UIInterfaceOrientationLandscapeRight";
				LD_RUNPATH_SEARCH_PATHS = (
					"$(inherited)",
					"@executable_path/Frameworks",
				);
				MARKETING_VERSION = 1.0;
				PRODUCT_BUNDLE_IDENTIFIER = "com.creative.Star-Wars-Database";
				PRODUCT_NAME = "$(TARGET_NAME)";
				SWIFT_EMIT_LOC_STRINGS = YES;
				SWIFT_VERSION = 5.0;
				TARGETED_DEVICE_FAMILY = "1,2";
			};
			name = Release;
		};
/* End XCBuildConfiguration section */

/* Begin XCConfigurationList section */
		699B9A542A06104D00848A66 /* Build configuration list for PBXProject "Star Wars Database" */ = {
			isa = XCConfigurationList;
			buildConfigurations = (
				699B9A6B2A06105000848A66 /* Debug */,
				699B9A6C2A06105000848A66 /* Release */,
			);
			defaultConfigurationIsVisible = 0;
			defaultConfigurationName = Release;
		};
		699B9A6D2A06105000848A66 /* Build configuration list for PBXNativeTarget "Star Wars Database" */ = {
			isa = XCConfigurationList;
			buildConfigurations = (
				699B9A6E2A06105000848A66 /* Debug */,
				699B9A6F2A06105000848A66 /* Release */,
			);
			defaultConfigurationIsVisible = 0;
			defaultConfigurationName = Release;
		};
/* End XCConfigurationList section */
	};
	rootObject = 699B9A512A06104D00848A66 /* Project object */;
}
