// !$*UTF8*$!
{
	archiveVersion = 1;
	classes = {
	};
	objectVersion = 56;
	objects = {

/* Begin PBXBuildFile section */
		699B9A5D2A06104D00848A66 /* AppDelegate.swift in Sources */ = {isa = PBXBuildFile; fileRef = 699B9A5C2A06104D00848A66 /* AppDelegate.swift */; };
		699B9A5F2A06104D00848A66 /* SceneDelegate.swift in Sources */ = {isa = PBXBuildFile; fileRef = 699B9A5E2A06104D00848A66 /* SceneDelegate.swift */; };
		699B9A612A06104D00848A66 /* MainViewController.swift in Sources */ = {isa = PBXBuildFile; fileRef = 699B9A602A06104D00848A66 /* MainViewController.swift */; };
		699B9A642A06104D00848A66 /* Main.storyboard in Resources */ = {isa = PBXBuildFile; fileRef = 699B9A622A06104D00848A66 /* Main.storyboard */; };
		699B9A662A06105000848A66 /* Assets.xcassets in Resources */ = {isa = PBXBuildFile; fileRef = 699B9A652A06105000848A66 /* Assets.xcassets */; };
		699B9A692A06105000848A66 /* LaunchScreen.storyboard in Resources */ = {isa = PBXBuildFile; fileRef = 699B9A672A06105000848A66 /* LaunchScreen.storyboard */; };
		699B9A782A06127900848A66 /* BaseController.swift in Sources */ = {isa = PBXBuildFile; fileRef = 699B9A772A06127900848A66 /* BaseController.swift */; };
		699B9A7A2A06128800848A66 /* BaseView.swift in Sources */ = {isa = PBXBuildFile; fileRef = 699B9A792A06128800848A66 /* BaseView.swift */; };
		699B9A7C2A06129300848A66 /* BaseViewModel.swift in Sources */ = {isa = PBXBuildFile; fileRef = 699B9A7B2A06129300848A66 /* BaseViewModel.swift */; };
		699B9A7E2A061B4100848A66 /* NetworkHelper.swift in Sources */ = {isa = PBXBuildFile; fileRef = 699B9A7D2A061B4100848A66 /* NetworkHelper.swift */; };
		699B9A812A061CF700848A66 /* Endpoints.swift in Sources */ = {isa = PBXBuildFile; fileRef = 699B9A802A061CF700848A66 /* Endpoints.swift */; };
		699B9A832A061D1A00848A66 /* Environment.swift in Sources */ = {isa = PBXBuildFile; fileRef = 699B9A822A061D1A00848A66 /* Environment.swift */; };
		699B9A862A061DE200848A66 /* StarwarsService.swift in Sources */ = {isa = PBXBuildFile; fileRef = 699B9A852A061DE200848A66 /* StarwarsService.swift */; };
		699B9A892A061F8A00848A66 /* PeopleDataModel.swift in Sources */ = {isa = PBXBuildFile; fileRef = 699B9A882A061F8A00848A66 /* PeopleDataModel.swift */; };
		699B9A8B2A06204A00848A66 /* Response+Util.swift in Sources */ = {isa = PBXBuildFile; fileRef = 699B9A8A2A06204A00848A66 /* Response+Util.swift */; };
		699B9A8D2A0620E800848A66 /* BaseResponse.swift in Sources */ = {isa = PBXBuildFile; fileRef = 699B9A8C2A0620E800848A66 /* BaseResponse.swift */; };
		699B9A902A0623E000848A66 /* StarwarsViewModel.swift in Sources */ = {isa = PBXBuildFile; fileRef = 699B9A8F2A0623E000848A66 /* StarwarsViewModel.swift */; };
		699B9A952A06249100848A66 /* PeopleListLoader.swift in Sources */ = {isa = PBXBuildFile; fileRef = 699B9A942A06249100848A66 /* PeopleListLoader.swift */; };
		699B9A972A06328700848A66 /* NetworkManager.swift in Sources */ = {isa = PBXBuildFile; fileRef = 699B9A962A06328700848A66 /* NetworkManager.swift */; };
		699B9A9A2A06362E00848A66 /* UIView+Helper.swift in Sources */ = {isa = PBXBuildFile; fileRef = 699B9A992A06362E00848A66 /* UIView+Helper.swift */; };
		699B9A9C2A06369C00848A66 /* UIStackView+Helper.swift in Sources */ = {isa = PBXBuildFile; fileRef = 699B9A9B2A06369C00848A66 /* UIStackView+Helper.swift */; };
		699B9A9E2A06377800848A66 /* UITableView+Helper.swift in Sources */ = {isa = PBXBuildFile; fileRef = 699B9A9D2A06377800848A66 /* UITableView+Helper.swift */; };
		699B9AA02A0637E200848A66 /* UIScrollView+Helper.swift in Sources */ = {isa = PBXBuildFile; fileRef = 699B9A9F2A0637E200848A66 /* UIScrollView+Helper.swift */; };
		699B9AA42A06383700848A66 /* StarwarsTableView.swift in Sources */ = {isa = PBXBuildFile; fileRef = 699B9AA32A06383700848A66 /* StarwarsTableView.swift */; };
		699B9AB12A063EAA00848A66 /* MainItemTableViewCell.swift in Sources */ = {isa = PBXBuildFile; fileRef = 699B9AAF2A063EAA00848A66 /* MainItemTableViewCell.swift */; };
		699B9AB22A063EAA00848A66 /* MainItemTableViewCell.xib in Resources */ = {isa = PBXBuildFile; fileRef = 699B9AB02A063EAA00848A66 /* MainItemTableViewCell.xib */; };
		69D4F9002A065D8400DB978D /* DetailPeopleViewController.swift in Sources */ = {isa = PBXBuildFile; fileRef = 69D4F8FE2A065D8400DB978D /* DetailPeopleViewController.swift */; };
		69D4F9012A065D8400DB978D /* DetailPeopleViewController.xib in Resources */ = {isa = PBXBuildFile; fileRef = 69D4F8FF2A065D8400DB978D /* DetailPeopleViewController.xib */; };
		69D4F9032A06831500DB978D /* UICollectionView+Helper.swift in Sources */ = {isa = PBXBuildFile; fileRef = 69D4F9022A06831500DB978D /* UICollectionView+Helper.swift */; };
		69D4F9052A06838A00DB978D /* StarwarsCollectionView.swift in Sources */ = {isa = PBXBuildFile; fileRef = 69D4F9042A06838A00DB978D /* StarwarsCollectionView.swift */; };
		69D4F90B2A0696FA00DB978D /* DPItemCollectionViewCell.swift in Sources */ = {isa = PBXBuildFile; fileRef = 69D4F9092A0696FA00DB978D /* DPItemCollectionViewCell.swift */; };
		69D4F90C2A0696FA00DB978D /* DPItemCollectionViewCell.xib in Resources */ = {isa = PBXBuildFile; fileRef = 69D4F90A2A0696FA00DB978D /* DPItemCollectionViewCell.xib */; };
		69D4F9102A069C5300DB978D /* FilmDataModel.swift in Sources */ = {isa = PBXBuildFile; fileRef = 69D4F90F2A069C5300DB978D /* FilmDataModel.swift */; };
		69D4F9172A069EA000DB978D /* StarwarsRepository.swift in Sources */ = {isa = PBXBuildFile; fileRef = 69D4F9162A069EA000DB978D /* StarwarsRepository.swift */; };
		69D4F9192A06A67100DB978D /* SpeciesDataModel.swift in Sources */ = {isa = PBXBuildFile; fileRef = 69D4F9182A06A67100DB978D /* SpeciesDataModel.swift */; };
		69D4F91B2A06A9A900DB978D /* VehicleDataModel.swift in Sources */ = {isa = PBXBuildFile; fileRef = 69D4F91A2A06A9A900DB978D /* VehicleDataModel.swift */; };
		69D4F91D2A06AA5D00DB978D /* StarshipDataModel.swift in Sources */ = {isa = PBXBuildFile; fileRef = 69D4F91C2A06AA5D00DB978D /* StarshipDataModel.swift */; };
		69D4F91F2A06B26400DB978D /* DPFilmView.swift in Sources */ = {isa = PBXBuildFile; fileRef = 69D4F91E2A06B26400DB978D /* DPFilmView.swift */; };
		69D4F9212A06B27200DB978D /* DPFilmView.xib in Resources */ = {isa = PBXBuildFile; fileRef = 69D4F9202A06B27200DB978D /* DPFilmView.xib */; };
		69D4F9232A06B57400DB978D /* DPSpeciesView.swift in Sources */ = {isa = PBXBuildFile; fileRef = 69D4F9222A06B57400DB978D /* DPSpeciesView.swift */; };
		69D4F9252A06B58900DB978D /* DPSpeciesView.xib in Resources */ = {isa = PBXBuildFile; fileRef = 69D4F9242A06B58900DB978D /* DPSpeciesView.xib */; };
		69D4F9272A06B5A400DB978D /* DPVehicleView.swift in Sources */ = {isa = PBXBuildFile; fileRef = 69D4F9262A06B5A400DB978D /* DPVehicleView.swift */; };
		69D4F9292A06B5B200DB978D /* DPVehicleView.xib in Resources */ = {isa = PBXBuildFile; fileRef = 69D4F9282A06B5B200DB978D /* DPVehicleView.xib */; };
		69D4F92B2A06B5D500DB978D /* DPStarshipView.swift in Sources */ = {isa = PBXBuildFile; fileRef = 69D4F92A2A06B5D500DB978D /* DPStarshipView.swift */; };
		69D4F92D2A06B5E400DB978D /* DPStarshipView.xib in Resources */ = {isa = PBXBuildFile; fileRef = 69D4F92C2A06B5E400DB978D /* DPStarshipView.xib */; };
		69D4F9432A06C5E600DB978D /* EmptyView.swift in Sources */ = {isa = PBXBuildFile; fileRef = 69D4F9422A06C5E600DB978D /* EmptyView.swift */; };
		69D4F9452A06C5F400DB978D /* EmptyView.xib in Resources */ = {isa = PBXBuildFile; fileRef = 69D4F9442A06C5F400DB978D /* EmptyView.xib */; };
		69D4F9472A071A8C00DB978D /* DPInfoCharacterView.swift in Sources */ = {isa = PBXBuildFile; fileRef = 69D4F9462A071A8C00DB978D /* DPInfoCharacterView.swift */; };
		69D4F9492A071ABB00DB978D /* DPInfoCharacterView.xib in Resources */ = {isa = PBXBuildFile; fileRef = 69D4F9482A071ABB00DB978D /* DPInfoCharacterView.xib */; };
		69D4F94B2A0722B300DB978D /* ListErrorView.swift in Sources */ = {isa = PBXBuildFile; fileRef = 69D4F94A2A0722B300DB978D /* ListErrorView.swift */; };
		69D4F94D2A0722C100DB978D /* ListErrorView.xib in Resources */ = {isa = PBXBuildFile; fileRef = 69D4F94C2A0722C100DB978D /* ListErrorView.xib */; };
		E0EE36431D88C946AA3E91C6 /* Pods_Star_Wars_Database.framework in Frameworks */ = {isa = PBXBuildFile; fileRef = F3D062FC481A0DD6B93146B6 /* Pods_Star_Wars_Database.framework */; };
/* End PBXBuildFile section */

/* Begin PBXFileReference section */
		4BC363CF9055C75AFA62126F /* Pods-Star Wars Database.release.xcconfig */ = {isa = PBXFileReference; includeInIndex = 1; lastKnownFileType = text.xcconfig; name = "Pods-Star Wars Database.release.xcconfig"; path = "Target Support Files/Pods-Star Wars Database/Pods-Star Wars Database.release.xcconfig"; sourceTree = "<group>"; };
		4C81E743042C60E268D5B9A0 /* Pods-Star Wars Database.debug.xcconfig */ = {isa = PBXFileReference; includeInIndex = 1; lastKnownFileType = text.xcconfig; name = "Pods-Star Wars Database.debug.xcconfig"; path = "Target Support Files/Pods-Star Wars Database/Pods-Star Wars Database.debug.xcconfig"; sourceTree = "<group>"; };
		699B9A592A06104D00848A66 /* Star Wars Database.app */ = {isa = PBXFileReference; explicitFileType = wrapper.application; includeInIndex = 0; path = "Star Wars Database.app"; sourceTree = BUILT_PRODUCTS_DIR; };
		699B9A5C2A06104D00848A66 /* AppDelegate.swift */ = {isa = PBXFileReference; lastKnownFileType = sourcecode.swift; path = AppDelegate.swift; sourceTree = "<group>"; };
		699B9A5E2A06104D00848A66 /* SceneDelegate.swift */ = {isa = PBXFileReference; lastKnownFileType = sourcecode.swift; path = SceneDelegate.swift; sourceTree = "<group>"; };
		699B9A602A06104D00848A66 /* MainViewController.swift */ = {isa = PBXFileReference; lastKnownFileType = sourcecode.swift; path = MainViewController.swift; sourceTree = "<group>"; };
		699B9A632A06104D00848A66 /* Base */ = {isa = PBXFileReference; lastKnownFileType = file.storyboard; name = Base; path = Base.lproj/Main.storyboard; sourceTree = "<group>"; };
		699B9A652A06105000848A66 /* Assets.xcassets */ = {isa = PBXFileReference; lastKnownFileType = folder.assetcatalog; path = Assets.xcassets; sourceTree = "<group>"; };
		699B9A682A06105000848A66 /* Base */ = {isa = PBXFileReference; lastKnownFileType = file.storyboard; name = Base; path = Base.lproj/LaunchScreen.storyboard; sourceTree = "<group>"; };
		699B9A6A2A06105000848A66 /* Info.plist */ = {isa = PBXFileReference; lastKnownFileType = text.plist.xml; path = Info.plist; sourceTree = "<group>"; };
		699B9A772A06127900848A66 /* BaseController.swift */ = {isa = PBXFileReference; lastKnownFileType = sourcecode.swift; path = BaseController.swift; sourceTree = "<group>"; };
		699B9A792A06128800848A66 /* BaseView.swift */ = {isa = PBXFileReference; lastKnownFileType = sourcecode.swift; path = BaseView.swift; sourceTree = "<group>"; };
		699B9A7B2A06129300848A66 /* BaseViewModel.swift */ = {isa = PBXFileReference; lastKnownFileType = sourcecode.swift; path = BaseViewModel.swift; sourceTree = "<group>"; };
		699B9A7D2A061B4100848A66 /* NetworkHelper.swift */ = {isa = PBXFileReference; lastKnownFileType = sourcecode.swift; path = NetworkHelper.swift; sourceTree = "<group>"; };
		699B9A802A061CF700848A66 /* Endpoints.swift */ = {isa = PBXFileReference; lastKnownFileType = sourcecode.swift; path = Endpoints.swift; sourceTree = "<group>"; };
		699B9A822A061D1A00848A66 /* Environment.swift */ = {isa = PBXFileReference; lastKnownFileType = sourcecode.swift; path = Environment.swift; sourceTree = "<group>"; };
		699B9A852A061DE200848A66 /* StarwarsService.swift */ = {isa = PBXFileReference; lastKnownFileType = sourcecode.swift; path = StarwarsService.swift; sourceTree = "<group>"; };
		699B9A882A061F8A00848A66 /* PeopleDataModel.swift */ = {isa = PBXFileReference; lastKnownFileType = sourcecode.swift; path = PeopleDataModel.swift; sourceTree = "<group>"; };
		699B9A8A2A06204A00848A66 /* Response+Util.swift */ = {isa = PBXFileReference; lastKnownFileType = sourcecode.swift; path = "Response+Util.swift"; sourceTree = "<group>"; };
		699B9A8C2A0620E800848A66 /* BaseResponse.swift */ = {isa = PBXFileReference; lastKnownFileType = sourcecode.swift; path = BaseResponse.swift; sourceTree = "<group>"; };
		699B9A8F2A0623E000848A66 /* StarwarsViewModel.swift */ = {isa = PBXFileReference; lastKnownFileType = sourcecode.swift; path = StarwarsViewModel.swift; sourceTree = "<group>"; };
		699B9A942A06249100848A66 /* PeopleListLoader.swift */ = {isa = PBXFileReference; lastKnownFileType = sourcecode.swift; path = PeopleListLoader.swift; sourceTree = "<group>"; };
		699B9A962A06328700848A66 /* NetworkManager.swift */ = {isa = PBXFileReference; lastKnownFileType = sourcecode.swift; path = NetworkManager.swift; sourceTree = "<group>"; };
		699B9A992A06362E00848A66 /* UIView+Helper.swift */ = {isa = PBXFileReference; lastKnownFileType = sourcecode.swift; path = "UIView+Helper.swift"; sourceTree = "<group>"; };
		699B9A9B2A06369C00848A66 /* UIStackView+Helper.swift */ = {isa = PBXFileReference; lastKnownFileType = sourcecode.swift; path = "UIStackView+Helper.swift"; sourceTree = "<group>"; };
		699B9A9D2A06377800848A66 /* UITableView+Helper.swift */ = {isa = PBXFileReference; lastKnownFileType = sourcecode.swift; path = "UITableView+Helper.swift"; sourceTree = "<group>"; };
		699B9A9F2A0637E200848A66 /* UIScrollView+Helper.swift */ = {isa = PBXFileReference; lastKnownFileType = sourcecode.swift; path = "UIScrollView+Helper.swift"; sourceTree = "<group>"; };
		699B9AA32A06383700848A66 /* StarwarsTableView.swift */ = {isa = PBXFileReference; lastKnownFileType = sourcecode.swift; path = StarwarsTableView.swift; sourceTree = "<group>"; };
		699B9AAF2A063EAA00848A66 /* MainItemTableViewCell.swift */ = {isa = PBXFileReference; lastKnownFileType = sourcecode.swift; path = MainItemTableViewCell.swift; sourceTree = "<group>"; };
		699B9AB02A063EAA00848A66 /* MainItemTableViewCell.xib */ = {isa = PBXFileReference; lastKnownFileType = file.xib; path = MainItemTableViewCell.xib; sourceTree = "<group>"; };
		69D4F8FE2A065D8400DB978D /* DetailPeopleViewController.swift */ = {isa = PBXFileReference; lastKnownFileType = sourcecode.swift; path = DetailPeopleViewController.swift; sourceTree = "<group>"; };
		69D4F8FF2A065D8400DB978D /* DetailPeopleViewController.xib */ = {isa = PBXFileReference; lastKnownFileType = file.xib; path = DetailPeopleViewController.xib; sourceTree = "<group>"; };
		69D4F9022A06831500DB978D /* UICollectionView+Helper.swift */ = {isa = PBXFileReference; lastKnownFileType = sourcecode.swift; path = "UICollectionView+Helper.swift"; sourceTree = "<group>"; };
		69D4F9042A06838A00DB978D /* StarwarsCollectionView.swift */ = {isa = PBXFileReference; lastKnownFileType = sourcecode.swift; path = StarwarsCollectionView.swift; sourceTree = "<group>"; };
		69D4F9092A0696FA00DB978D /* DPItemCollectionViewCell.swift */ = {isa = PBXFileReference; lastKnownFileType = sourcecode.swift; path = DPItemCollectionViewCell.swift; sourceTree = "<group>"; };
		69D4F90A2A0696FA00DB978D /* DPItemCollectionViewCell.xib */ = {isa = PBXFileReference; lastKnownFileType = file.xib; path = DPItemCollectionViewCell.xib; sourceTree = "<group>"; };
		69D4F90F2A069C5300DB978D /* FilmDataModel.swift */ = {isa = PBXFileReference; lastKnownFileType = sourcecode.swift; path = FilmDataModel.swift; sourceTree = "<group>"; };
		69D4F9162A069EA000DB978D /* StarwarsRepository.swift */ = {isa = PBXFileReference; lastKnownFileType = sourcecode.swift; path = StarwarsRepository.swift; sourceTree = "<group>"; };
		69D4F9182A06A67100DB978D /* SpeciesDataModel.swift */ = {isa = PBXFileReference; lastKnownFileType = sourcecode.swift; path = SpeciesDataModel.swift; sourceTree = "<group>"; };
		69D4F91A2A06A9A900DB978D /* VehicleDataModel.swift */ = {isa = PBXFileReference; lastKnownFileType = sourcecode.swift; path = VehicleDataModel.swift; sourceTree = "<group>"; };
		69D4F91C2A06AA5D00DB978D /* StarshipDataModel.swift */ = {isa = PBXFileReference; lastKnownFileType = sourcecode.swift; path = StarshipDataModel.swift; sourceTree = "<group>"; };
		69D4F91E2A06B26400DB978D /* DPFilmView.swift */ = {isa = PBXFileReference; lastKnownFileType = sourcecode.swift; path = DPFilmView.swift; sourceTree = "<group>"; };
		69D4F9202A06B27200DB978D /* DPFilmView.xib */ = {isa = PBXFileReference; lastKnownFileType = file.xib; path = DPFilmView.xib; sourceTree = "<group>"; };
		69D4F9222A06B57400DB978D /* DPSpeciesView.swift */ = {isa = PBXFileReference; lastKnownFileType = sourcecode.swift; path = DPSpeciesView.swift; sourceTree = "<group>"; };
		69D4F9242A06B58900DB978D /* DPSpeciesView.xib */ = {isa = PBXFileReference; lastKnownFileType = file.xib; path = DPSpeciesView.xib; sourceTree = "<group>"; };
		69D4F9262A06B5A400DB978D /* DPVehicleView.swift */ = {isa = PBXFileReference; lastKnownFileType = sourcecode.swift; path = DPVehicleView.swift; sourceTree = "<group>"; };
		69D4F9282A06B5B200DB978D /* DPVehicleView.xib */ = {isa = PBXFileReference; lastKnownFileType = file.xib; path = DPVehicleView.xib; sourceTree = "<group>"; };
		69D4F92A2A06B5D500DB978D /* DPStarshipView.swift */ = {isa = PBXFileReference; lastKnownFileType = sourcecode.swift; path = DPStarshipView.swift; sourceTree = "<group>"; };
		69D4F92C2A06B5E400DB978D /* DPStarshipView.xib */ = {isa = PBXFileReference; lastKnownFileType = file.xib; path = DPStarshipView.xib; sourceTree = "<group>"; };
		69D4F9422A06C5E600DB978D /* EmptyView.swift */ = {isa = PBXFileReference; lastKnownFileType = sourcecode.swift; path = EmptyView.swift; sourceTree = "<group>"; };
		69D4F9442A06C5F400DB978D /* EmptyView.xib */ = {isa = PBXFileReference; lastKnownFileType = file.xib; path = EmptyView.xib; sourceTree = "<group>"; };
		69D4F9462A071A8C00DB978D /* DPInfoCharacterView.swift */ = {isa = PBXFileReference; lastKnownFileType = sourcecode.swift; path = DPInfoCharacterView.swift; sourceTree = "<group>"; };
		69D4F9482A071ABB00DB978D /* DPInfoCharacterView.xib */ = {isa = PBXFileReference; lastKnownFileType = file.xib; path = DPInfoCharacterView.xib; sourceTree = "<group>"; };
		69D4F94A2A0722B300DB978D /* ListErrorView.swift */ = {isa = PBXFileReference; lastKnownFileType = sourcecode.swift; path = ListErrorView.swift; sourceTree = "<group>"; };
		69D4F94C2A0722C100DB978D /* ListErrorView.xib */ = {isa = PBXFileReference; lastKnownFileType = file.xib; path = ListErrorView.xib; sourceTree = "<group>"; };
		F3D062FC481A0DD6B93146B6 /* Pods_Star_Wars_Database.framework */ = {isa = PBXFileReference; explicitFileType = wrapper.framework; includeInIndex = 0; path = Pods_Star_Wars_Database.framework; sourceTree = BUILT_PRODUCTS_DIR; };
/* End PBXFileReference section */

/* Begin PBXFrameworksBuildPhase section */
		699B9A562A06104D00848A66 /* Frameworks */ = {
			isa = PBXFrameworksBuildPhase;
			buildActionMask = 2147483647;
			files = (
				E0EE36431D88C946AA3E91C6 /* Pods_Star_Wars_Database.framework in Frameworks */,
			);
			runOnlyForDeploymentPostprocessing = 0;
		};
/* End PBXFrameworksBuildPhase section */

/* Begin PBXGroup section */
		699B9A502A06104D00848A66 = {
			isa = PBXGroup;
			children = (
				699B9A5B2A06104D00848A66 /* Star Wars Database */,
				699B9A5A2A06104D00848A66 /* Products */,
				B8004BD25B0F8C432133619B /* Pods */,
				CDA6DDC3BD603CD787D2F3C9 /* Frameworks */,
			);
			sourceTree = "<group>";
		};
		699B9A5A2A06104D00848A66 /* Products */ = {
			isa = PBXGroup;
			children = (
				699B9A592A06104D00848A66 /* Star Wars Database.app */,
			);
			name = Products;
			sourceTree = "<group>";
		};
		699B9A5B2A06104D00848A66 /* Star Wars Database */ = {
			isa = PBXGroup;
			children = (
				699B9A702A06124C00848A66 /* Base */,
				699B9A712A06125100848A66 /* Config */,
				699B9A6A2A06105000848A66 /* Info.plist */,
				699B9A872A061F7300848A66 /* Models */,
				699B9A722A06125600848A66 /* Network */,
				699B9A732A06125B00848A66 /* Resources */,
				699B9AA12A06381100848A66 /* UI Component */,
				699B9A742A06126200848A66 /* Utils */,
				699B9A762A06126B00848A66 /* View */,
				699B9A752A06126700848A66 /* ViewModels */,
			);
			path = "Star Wars Database";
			sourceTree = "<group>";
		};
		699B9A702A06124C00848A66 /* Base */ = {
			isa = PBXGroup;
			children = (
				699B9A772A06127900848A66 /* BaseController.swift */,
				699B9A792A06128800848A66 /* BaseView.swift */,
				699B9A7B2A06129300848A66 /* BaseViewModel.swift */,
				699B9A8C2A0620E800848A66 /* BaseResponse.swift */,
			);
			path = Base;
			sourceTree = "<group>";
		};
		699B9A712A06125100848A66 /* Config */ = {
			isa = PBXGroup;
			children = (
				699B9A822A061D1A00848A66 /* Environment.swift */,
			);
			path = Config;
			sourceTree = "<group>";
		};
		699B9A722A06125600848A66 /* Network */ = {
			isa = PBXGroup;
			children = (
				699B9A842A061DA800848A66 /* Services */,
				699B9A7D2A061B4100848A66 /* NetworkHelper.swift */,
				699B9A802A061CF700848A66 /* Endpoints.swift */,
				699B9A8A2A06204A00848A66 /* Response+Util.swift */,
				699B9A962A06328700848A66 /* NetworkManager.swift */,
			);
			path = Network;
			sourceTree = "<group>";
		};
		699B9A732A06125B00848A66 /* Resources */ = {
			isa = PBXGroup;
			children = (
				699B9A5C2A06104D00848A66 /* AppDelegate.swift */,
				699B9A652A06105000848A66 /* Assets.xcassets */,
				699B9A672A06105000848A66 /* LaunchScreen.storyboard */,
				699B9A5E2A06104D00848A66 /* SceneDelegate.swift */,
			);
			path = Resources;
			sourceTree = "<group>";
		};
		699B9A742A06126200848A66 /* Utils */ = {
			isa = PBXGroup;
			children = (
				699B9A982A06361C00848A66 /* UI Helper */,
			);
			path = Utils;
			sourceTree = "<group>";
		};
		699B9A752A06126700848A66 /* ViewModels */ = {
			isa = PBXGroup;
			children = (
				699B9A8E2A0623CB00848A66 /* Starwars */,
			);
			path = ViewModels;
			sourceTree = "<group>";
		};
		699B9A762A06126B00848A66 /* View */ = {
			isa = PBXGroup;
			children = (
				69D4F8FD2A065D6B00DB978D /* Detail People */,
				699B9A7F2A061C1B00848A66 /* Main */,
			);
			path = View;
			sourceTree = "<group>";
		};
		699B9A7F2A061C1B00848A66 /* Main */ = {
			isa = PBXGroup;
			children = (
				699B9AAE2A063E7900848A66 /* Components */,
				699B9A602A06104D00848A66 /* MainViewController.swift */,
				699B9A622A06104D00848A66 /* Main.storyboard */,
			);
			path = Main;
			sourceTree = "<group>";
		};
		699B9A842A061DA800848A66 /* Services */ = {
			isa = PBXGroup;
			children = (
				699B9A852A061DE200848A66 /* StarwarsService.swift */,
			);
			path = Services;
			sourceTree = "<group>";
		};
		699B9A872A061F7300848A66 /* Models */ = {
			isa = PBXGroup;
			children = (
				699B9A882A061F8A00848A66 /* PeopleDataModel.swift */,
				69D4F90F2A069C5300DB978D /* FilmDataModel.swift */,
				69D4F9182A06A67100DB978D /* SpeciesDataModel.swift */,
				69D4F91A2A06A9A900DB978D /* VehicleDataModel.swift */,
				69D4F91C2A06AA5D00DB978D /* StarshipDataModel.swift */,
			);
			path = Models;
			sourceTree = "<group>";
		};
		699B9A8E2A0623CB00848A66 /* Starwars */ = {
			isa = PBXGroup;
			children = (
				699B9A942A06249100848A66 /* PeopleListLoader.swift */,
				69D4F9162A069EA000DB978D /* StarwarsRepository.swift */,
				699B9A8F2A0623E000848A66 /* StarwarsViewModel.swift */,
			);
			path = Starwars;
			sourceTree = "<group>";
		};
		699B9A982A06361C00848A66 /* UI Helper */ = {
			isa = PBXGroup;
			children = (
				699B9A992A06362E00848A66 /* UIView+Helper.swift */,
				699B9A9B2A06369C00848A66 /* UIStackView+Helper.swift */,
				699B9A9D2A06377800848A66 /* UITableView+Helper.swift */,
				699B9A9F2A0637E200848A66 /* UIScrollView+Helper.swift */,
				69D4F9022A06831500DB978D /* UICollectionView+Helper.swift */,
			);
			path = "UI Helper";
			sourceTree = "<group>";
		};
		699B9AA12A06381100848A66 /* UI Component */ = {
			isa = PBXGroup;
			children = (
				699B9AA52A06387000848A66 /* ListView */,
				699B9AA22A06382100848A66 /* StarwarsView */,
			);
			path = "UI Component";
			sourceTree = "<group>";
		};
		699B9AA22A06382100848A66 /* StarwarsView */ = {
			isa = PBXGroup;
			children = (
				699B9AA32A06383700848A66 /* StarwarsTableView.swift */,
				69D4F9042A06838A00DB978D /* StarwarsCollectionView.swift */,
			);
			path = StarwarsView;
			sourceTree = "<group>";
		};
		699B9AA52A06387000848A66 /* ListView */ = {
			isa = PBXGroup;
			children = (
				69D4F9422A06C5E600DB978D /* EmptyView.swift */,
				69D4F9442A06C5F400DB978D /* EmptyView.xib */,
				69D4F94A2A0722B300DB978D /* ListErrorView.swift */,
				69D4F94C2A0722C100DB978D /* ListErrorView.xib */,
			);
			path = ListView;
			sourceTree = "<group>";
		};
		699B9AAE2A063E7900848A66 /* Components */ = {
			isa = PBXGroup;
			children = (
				69D4F9072A0696C600DB978D /* Cells */,
			);
			path = Components;
			sourceTree = "<group>";
		};
		69D4F8FD2A065D6B00DB978D /* Detail People */ = {
			isa = PBXGroup;
			children = (
				69D4F9062A0696BA00DB978D /* Components */,
				69D4F8FE2A065D8400DB978D /* DetailPeopleViewController.swift */,
				69D4F8FF2A065D8400DB978D /* DetailPeopleViewController.xib */,
			);
			path = "Detail People";
			sourceTree = "<group>";
		};
		69D4F9062A0696BA00DB978D /* Components */ = {
			isa = PBXGroup;
			children = (
				69D4F9082A0696D000DB978D /* Cells */,
				69D4F9462A071A8C00DB978D /* DPInfoCharacterView.swift */,
				69D4F9482A071ABB00DB978D /* DPInfoCharacterView.xib */,
				69D4F91E2A06B26400DB978D /* DPFilmView.swift */,
				69D4F9202A06B27200DB978D /* DPFilmView.xib */,
				69D4F9222A06B57400DB978D /* DPSpeciesView.swift */,
				69D4F9242A06B58900DB978D /* DPSpeciesView.xib */,
				69D4F9262A06B5A400DB978D /* DPVehicleView.swift */,
				69D4F9282A06B5B200DB978D /* DPVehicleView.xib */,
				69D4F92A2A06B5D500DB978D /* DPStarshipView.swift */,
				69D4F92C2A06B5E400DB978D /* DPStarshipView.xib */,
			);
			path = Components;
			sourceTree = "<group>";
		};
		69D4F9072A0696C600DB978D /* Cells */ = {
			isa = PBXGroup;
			children = (
				699B9AAF2A063EAA00848A66 /* MainItemTableViewCell.swift */,
				699B9AB02A063EAA00848A66 /* MainItemTableViewCell.xib */,
			);
			path = Cells;
			sourceTree = "<group>";
		};
		69D4F9082A0696D000DB978D /* Cells */ = {
			isa = PBXGroup;
			children = (
				69D4F9092A0696FA00DB978D /* DPItemCollectionViewCell.swift */,
				69D4F90A2A0696FA00DB978D /* DPItemCollectionViewCell.xib */,
			);
			path = Cells;
			sourceTree = "<group>";
		};
		B8004BD25B0F8C432133619B /* Pods */ = {
			isa = PBXGroup;
			children = (
				4C81E743042C60E268D5B9A0 /* Pods-Star Wars Database.debug.xcconfig */,
				4BC363CF9055C75AFA62126F /* Pods-Star Wars Database.release.xcconfig */,
			);
			path = Pods;
			sourceTree = "<group>";
		};
		CDA6DDC3BD603CD787D2F3C9 /* Frameworks */ = {
			isa = PBXGroup;
			children = (
				F3D062FC481A0DD6B93146B6 /* Pods_Star_Wars_Database.framework */,
			);
			name = Frameworks;
			sourceTree = "<group>";
		};
/* End PBXGroup section */

/* Begin PBXNativeTarget section */
		699B9A582A06104D00848A66 /* Star Wars Database */ = {
			isa = PBXNativeTarget;
			buildConfigurationList = 699B9A6D2A06105000848A66 /* Build configuration list for PBXNativeTarget "Star Wars Database" */;
			buildPhases = (
				C7BE240E27618EA4B3B65194 /* [CP] Check Pods Manifest.lock */,
				699B9A552A06104D00848A66 /* Sources */,
				699B9A562A06104D00848A66 /* Frameworks */,
				699B9A572A06104D00848A66 /* Resources */,
				09FE6890098ACE83584F287C /* [CP] Embed Pods Frameworks */,
			);
			buildRules = (
			);
			dependencies = (
			);
			name = "Star Wars Database";
			productName = "Star Wars Database";
			productReference = 699B9A592A06104D00848A66 /* Star Wars Database.app */;
			productType = "com.apple.product-type.application";
		};
/* End PBXNativeTarget section */

/* Begin PBXProject section */
		699B9A512A06104D00848A66 /* Project object */ = {
			isa = PBXProject;
			attributes = {
				BuildIndependentTargetsInParallel = 1;
				LastSwiftUpdateCheck = 1400;
				LastUpgradeCheck = 1400;
				TargetAttributes = {
					699B9A582A06104D00848A66 = {
						CreatedOnToolsVersion = 14.0.1;
					};
				};
			};
			buildConfigurationList = 699B9A542A06104D00848A66 /* Build configuration list for PBXProject "Star Wars Database" */;
			compatibilityVersion = "Xcode 14.0";
			developmentRegion = en;
			hasScannedForEncodings = 0;
			knownRegions = (
				en,
				Base,
			);
			mainGroup = 699B9A502A06104D00848A66;
			productRefGroup = 699B9A5A2A06104D00848A66 /* Products */;
			projectDirPath = "";
			projectRoot = "";
			targets = (
				699B9A582A06104D00848A66 /* Star Wars Database */,
			);
		};
/* End PBXProject section */

/* Begin PBXResourcesBuildPhase section */
		699B9A572A06104D00848A66 /* Resources */ = {
			isa = PBXResourcesBuildPhase;
			buildActionMask = 2147483647;
			files = (
				69D4F9492A071ABB00DB978D /* DPInfoCharacterView.xib in Resources */,
				699B9A692A06105000848A66 /* LaunchScreen.storyboard in Resources */,
				699B9A662A06105000848A66 /* Assets.xcassets in Resources */,
				69D4F92D2A06B5E400DB978D /* DPStarshipView.xib in Resources */,
				69D4F90C2A0696FA00DB978D /* DPItemCollectionViewCell.xib in Resources */,
				699B9AB22A063EAA00848A66 /* MainItemTableViewCell.xib in Resources */,
				69D4F9292A06B5B200DB978D /* DPVehicleView.xib in Resources */,
				69D4F9252A06B58900DB978D /* DPSpeciesView.xib in Resources */,
				69D4F9012A065D8400DB978D /* DetailPeopleViewController.xib in Resources */,
				69D4F94D2A0722C100DB978D /* ListErrorView.xib in Resources */,
				69D4F9212A06B27200DB978D /* DPFilmView.xib in Resources */,
				69D4F9452A06C5F400DB978D /* EmptyView.xib in Resources */,
				699B9A642A06104D00848A66 /* Main.storyboard in Resources */,
			);
			runOnlyForDeploymentPostprocessing = 0;
		};
/* End PBXResourcesBuildPhase section */

/* Begin PBXShellScriptBuildPhase section */
		09FE6890098ACE83584F287C /* [CP] Embed Pods Frameworks */ = {
			isa = PBXShellScriptBuildPhase;
			buildActionMask = 2147483647;
			files = (
			);
			inputFileListPaths = (
				"${PODS_ROOT}/Target Support Files/Pods-Star Wars Database/Pods-Star Wars Database-frameworks-${CONFIGURATION}-input-files.xcfilelist",
			);
			name = "[CP] Embed Pods Frameworks";
			outputFileListPaths = (
				"${PODS_ROOT}/Target Support Files/Pods-Star Wars Database/Pods-Star Wars Database-frameworks-${CONFIGURATION}-output-files.xcfilelist",
			);
			runOnlyForDeploymentPostprocessing = 0;
			shellPath = /bin/sh;
			shellScript = "\"${PODS_ROOT}/Target Support Files/Pods-Star Wars Database/Pods-Star Wars Database-frameworks.sh\"\n";
			showEnvVarsInLog = 0;
		};
		C7BE240E27618EA4B3B65194 /* [CP] Check Pods Manifest.lock */ = {
			isa = PBXShellScriptBuildPhase;
			buildActionMask = 2147483647;
			files = (
			);
			inputFileListPaths = (
			);
			inputPaths = (
				"${PODS_PODFILE_DIR_PATH}/Podfile.lock",
				"${PODS_ROOT}/Manifest.lock",
			);
			name = "[CP] Check Pods Manifest.lock";
			outputFileListPaths = (
			);
			outputPaths = (
				"$(DERIVED_FILE_DIR)/Pods-Star Wars Database-checkManifestLockResult.txt",
			);
			runOnlyForDeploymentPostprocessing = 0;
			shellPath = /bin/sh;
			shellScript = "diff \"${PODS_PODFILE_DIR_PATH}/Podfile.lock\" \"${PODS_ROOT}/Manifest.lock\" > /dev/null\nif [ $? != 0 ] ; then\n    # print error to STDERR\n    echo \"error: The sandbox is not in sync with the Podfile.lock. Run 'pod install' or update your CocoaPods installation.\" >&2\n    exit 1\nfi\n# This output is used by Xcode 'outputs' to avoid re-running this script phase.\necho \"SUCCESS\" > \"${SCRIPT_OUTPUT_FILE_0}\"\n";
			showEnvVarsInLog = 0;
		};
/* End PBXShellScriptBuildPhase section */

/* Begin PBXSourcesBuildPhase section */
		699B9A552A06104D00848A66 /* Sources */ = {
			isa = PBXSourcesBuildPhase;
			buildActionMask = 2147483647;
			files = (
				699B9A7E2A061B4100848A66 /* NetworkHelper.swift in Sources */,
				69D4F9432A06C5E600DB978D /* EmptyView.swift in Sources */,
				699B9A612A06104D00848A66 /* MainViewController.swift in Sources */,
				699B9A5D2A06104D00848A66 /* AppDelegate.swift in Sources */,
				699B9A7A2A06128800848A66 /* BaseView.swift in Sources */,
				69D4F94B2A0722B300DB978D /* ListErrorView.swift in Sources */,
				699B9AA42A06383700848A66 /* StarwarsTableView.swift in Sources */,
				699B9A9A2A06362E00848A66 /* UIView+Helper.swift in Sources */,
				699B9A892A061F8A00848A66 /* PeopleDataModel.swift in Sources */,
				699B9A862A061DE200848A66 /* StarwarsService.swift in Sources */,
				69D4F90B2A0696FA00DB978D /* DPItemCollectionViewCell.swift in Sources */,
				699B9A9E2A06377800848A66 /* UITableView+Helper.swift in Sources */,
				69D4F9102A069C5300DB978D /* FilmDataModel.swift in Sources */,
				69D4F9232A06B57400DB978D /* DPSpeciesView.swift in Sources */,
				69D4F91D2A06AA5D00DB978D /* StarshipDataModel.swift in Sources */,
				699B9A832A061D1A00848A66 /* Environment.swift in Sources */,
				699B9A9C2A06369C00848A66 /* UIStackView+Helper.swift in Sources */,
				699B9A782A06127900848A66 /* BaseController.swift in Sources */,
				699B9A952A06249100848A66 /* PeopleListLoader.swift in Sources */,
				699B9A972A06328700848A66 /* NetworkManager.swift in Sources */,
				69D4F9472A071A8C00DB978D /* DPInfoCharacterView.swift in Sources */,
				69D4F91B2A06A9A900DB978D /* VehicleDataModel.swift in Sources */,
				69D4F9192A06A67100DB978D /* SpeciesDataModel.swift in Sources */,
				69D4F91F2A06B26400DB978D /* DPFilmView.swift in Sources */,
				699B9A5F2A06104D00848A66 /* SceneDelegate.swift in Sources */,
				699B9A812A061CF700848A66 /* Endpoints.swift in Sources */,
				699B9AA02A0637E200848A66 /* UIScrollView+Helper.swift in Sources */,
				69D4F92B2A06B5D500DB978D /* DPStarshipView.swift in Sources */,
				699B9A8B2A06204A00848A66 /* Response+Util.swift in Sources */,
				69D4F9002A065D8400DB978D /* DetailPeopleViewController.swift in Sources */,
				699B9A902A0623E000848A66 /* StarwarsViewModel.swift in Sources */,
				699B9A7C2A06129300848A66 /* BaseViewModel.swift in Sources */,
				69D4F9052A06838A00DB978D /* StarwarsCollectionView.swift in Sources */,
				699B9A8D2A0620E800848A66 /* BaseResponse.swift in Sources */,
				69D4F9172A069EA000DB978D /* StarwarsRepository.swift in Sources */,
				69D4F9272A06B5A400DB978D /* DPVehicleView.swift in Sources */,
				699B9AB12A063EAA00848A66 /* MainItemTableViewCell.swift in Sources */,
				69D4F9032A06831500DB978D /* UICollectionView+Helper.swift in Sources */,
			);
			runOnlyForDeploymentPostprocessing = 0;
		};
/* End PBXSourcesBuildPhase section */

/* Begin PBXVariantGroup section */
		699B9A622A06104D00848A66 /* Main.storyboard */ = {
			isa = PBXVariantGroup;
			children = (
				699B9A632A06104D00848A66 /* Base */,
			);
			name = Main.storyboard;
			sourceTree = "<group>";
		};
		699B9A672A06105000848A66 /* LaunchScreen.storyboard */ = {
			isa = PBXVariantGroup;
			children = (
				699B9A682A06105000848A66 /* Base */,
			);
			name = LaunchScreen.storyboard;
			sourceTree = "<group>";
		};
/* End PBXVariantGroup section */

/* Begin XCBuildConfiguration section */
		699B9A6B2A06105000848A66 /* Debug */ = {
			isa = XCBuildConfiguration;
			buildSettings = {
				ALWAYS_SEARCH_USER_PATHS = NO;
				CLANG_ANALYZER_NONNULL = YES;
				CLANG_ANALYZER_NUMBER_OBJECT_CONVERSION = YES_AGGRESSIVE;
				CLANG_CXX_LANGUAGE_STANDARD = "gnu++20";
				CLANG_ENABLE_MODULES = YES;
				CLANG_ENABLE_OBJC_ARC = YES;
				CLANG_ENABLE_OBJC_WEAK = YES;
				CLANG_WARN_BLOCK_CAPTURE_AUTORELEASING = YES;
				CLANG_WARN_BOOL_CONVERSION = YES;
				CLANG_WARN_COMMA = YES;
				CLANG_WARN_CONSTANT_CONVERSION = YES;
				CLANG_WARN_DEPRECATED_OBJC_IMPLEMENTATIONS = YES;
				CLANG_WARN_DIRECT_OBJC_ISA_USAGE = YES_ERROR;
				CLANG_WARN_DOCUMENTATION_COMMENTS = YES;
				CLANG_WARN_EMPTY_BODY = YES;
				CLANG_WARN_ENUM_CONVERSION = YES;
				CLANG_WARN_INFINITE_RECURSION = YES;
				CLANG_WARN_INT_CONVERSION = YES;
				CLANG_WARN_NON_LITERAL_NULL_CONVERSION = YES;
				CLANG_WARN_OBJC_IMPLICIT_RETAIN_SELF = YES;
				CLANG_WARN_OBJC_LITERAL_CONVERSION = YES;
				CLANG_WARN_OBJC_ROOT_CLASS = YES_ERROR;
				CLANG_WARN_QUOTED_INCLUDE_IN_FRAMEWORK_HEADER = YES;
				CLANG_WARN_RANGE_LOOP_ANALYSIS = YES;
				CLANG_WARN_STRICT_PROTOTYPES = YES;
				CLANG_WARN_SUSPICIOUS_MOVE = YES;
				CLANG_WARN_UNGUARDED_AVAILABILITY = YES_AGGRESSIVE;
				CLANG_WARN_UNREACHABLE_CODE = YES;
				CLANG_WARN__DUPLICATE_METHOD_MATCH = YES;
				COPY_PHASE_STRIP = NO;
				DEBUG_INFORMATION_FORMAT = dwarf;
				ENABLE_STRICT_OBJC_MSGSEND = YES;
				ENABLE_TESTABILITY = YES;
				GCC_C_LANGUAGE_STANDARD = gnu11;
				GCC_DYNAMIC_NO_PIC = NO;
				GCC_NO_COMMON_BLOCKS = YES;
				GCC_OPTIMIZATION_LEVEL = 0;
				GCC_PREPROCESSOR_DEFINITIONS = (
					"DEBUG=1",
					"$(inherited)",
				);
				GCC_WARN_64_TO_32_BIT_CONVERSION = YES;
				GCC_WARN_ABOUT_RETURN_TYPE = YES_ERROR;
				GCC_WARN_UNDECLARED_SELECTOR = YES;
				GCC_WARN_UNINITIALIZED_AUTOS = YES_AGGRESSIVE;
				GCC_WARN_UNUSED_FUNCTION = YES;
				GCC_WARN_UNUSED_VARIABLE = YES;
				IPHONEOS_DEPLOYMENT_TARGET = 16.0;
				MTL_ENABLE_DEBUG_INFO = INCLUDE_SOURCE;
				MTL_FAST_MATH = YES;
				ONLY_ACTIVE_ARCH = YES;
				SDKROOT = iphoneos;
				SWIFT_ACTIVE_COMPILATION_CONDITIONS = DEBUG;
				SWIFT_OPTIMIZATION_LEVEL = "-Onone";
			};
			name = Debug;
		};
		699B9A6C2A06105000848A66 /* Release */ = {
			isa = XCBuildConfiguration;
			buildSettings = {
				ALWAYS_SEARCH_USER_PATHS = NO;
				CLANG_ANALYZER_NONNULL = YES;
				CLANG_ANALYZER_NUMBER_OBJECT_CONVERSION = YES_AGGRESSIVE;
				CLANG_CXX_LANGUAGE_STANDARD = "gnu++20";
				CLANG_ENABLE_MODULES = YES;
				CLANG_ENABLE_OBJC_ARC = YES;
				CLANG_ENABLE_OBJC_WEAK = YES;
				CLANG_WARN_BLOCK_CAPTURE_AUTORELEASING = YES;
				CLANG_WARN_BOOL_CONVERSION = YES;
				CLANG_WARN_COMMA = YES;
				CLANG_WARN_CONSTANT_CONVERSION = YES;
				CLANG_WARN_DEPRECATED_OBJC_IMPLEMENTATIONS = YES;
				CLANG_WARN_DIRECT_OBJC_ISA_USAGE = YES_ERROR;
				CLANG_WARN_DOCUMENTATION_COMMENTS = YES;
				CLANG_WARN_EMPTY_BODY = YES;
				CLANG_WARN_ENUM_CONVERSION = YES;
				CLANG_WARN_INFINITE_RECURSION = YES;
				CLANG_WARN_INT_CONVERSION = YES;
				CLANG_WARN_NON_LITERAL_NULL_CONVERSION = YES;
				CLANG_WARN_OBJC_IMPLICIT_RETAIN_SELF = YES;
				CLANG_WARN_OBJC_LITERAL_CONVERSION = YES;
				CLANG_WARN_OBJC_ROOT_CLASS = YES_ERROR;
				CLANG_WARN_QUOTED_INCLUDE_IN_FRAMEWORK_HEADER = YES;
				CLANG_WARN_RANGE_LOOP_ANALYSIS = YES;
				CLANG_WARN_STRICT_PROTOTYPES = YES;
				CLANG_WARN_SUSPICIOUS_MOVE = YES;
				CLANG_WARN_UNGUARDED_AVAILABILITY = YES_AGGRESSIVE;
				CLANG_WARN_UNREACHABLE_CODE = YES;
				CLANG_WARN__DUPLICATE_METHOD_MATCH = YES;
				COPY_PHASE_STRIP = NO;
				DEBUG_INFORMATION_FORMAT = "dwarf-with-dsym";
				ENABLE_NS_ASSERTIONS = NO;
				ENABLE_STRICT_OBJC_MSGSEND = YES;
				GCC_C_LANGUAGE_STANDARD = gnu11;
				GCC_NO_COMMON_BLOCKS = YES;
				GCC_WARN_64_TO_32_BIT_CONVERSION = YES;
				GCC_WARN_ABOUT_RETURN_TYPE = YES_ERROR;
				GCC_WARN_UNDECLARED_SELECTOR = YES;
				GCC_WARN_UNINITIALIZED_AUTOS = YES_AGGRESSIVE;
				GCC_WARN_UNUSED_FUNCTION = YES;
				GCC_WARN_UNUSED_VARIABLE = YES;
				IPHONEOS_DEPLOYMENT_TARGET = 16.0;
				MTL_ENABLE_DEBUG_INFO = NO;
				MTL_FAST_MATH = YES;
				SDKROOT = iphoneos;
				SWIFT_COMPILATION_MODE = wholemodule;
				SWIFT_OPTIMIZATION_LEVEL = "-O";
				VALIDATE_PRODUCT = YES;
			};
			name = Release;
		};
		699B9A6E2A06105000848A66 /* Debug */ = {
			isa = XCBuildConfiguration;
			baseConfigurationReference = 4C81E743042C60E268D5B9A0 /* Pods-Star Wars Database.debug.xcconfig */;
			buildSettings = {
				ASSETCATALOG_COMPILER_APPICON_NAME = AppIcon;
				ASSETCATALOG_COMPILER_GLOBAL_ACCENT_COLOR_NAME = AccentColor;
				CODE_SIGN_STYLE = Automatic;
				CURRENT_PROJECT_VERSION = 1;
				DEVELOPMENT_TEAM = 6KMVK5CC4Q;
				GENERATE_INFOPLIST_FILE = YES;
				INFOPLIST_FILE = "Star Wars Database/Info.plist";
				INFOPLIST_KEY_UIApplicationSupportsIndirectInputEvents = YES;
				INFOPLIST_KEY_UILaunchStoryboardName = LaunchScreen;
				INFOPLIST_KEY_UIMainStoryboardFile = Main;
				INFOPLIST_KEY_UISupportedInterfaceOrientations_iPad = "UIInterfaceOrientationPortrait UIInterfaceOrientationPortraitUpsideDown UIInterfaceOrientationLandscapeLeft UIInterfaceOrientationLandscapeRight";
				INFOPLIST_KEY_UISupportedInterfaceOrientations_iPhone = "UIInterfaceOrientationPortrait UIInterfaceOrientationLandscapeLeft UIInterfaceOrientationLandscapeRight";
				LD_RUNPATH_SEARCH_PATHS = (
					"$(inherited)",
					"@executable_path/Frameworks",
				);
				MARKETING_VERSION = 1.0;
				PRODUCT_BUNDLE_IDENTIFIER = "com.creative.Star-Wars-Database";
				PRODUCT_NAME = "$(TARGET_NAME)";
				SWIFT_EMIT_LOC_STRINGS = YES;
				SWIFT_VERSION = 5.0;
				TARGETED_DEVICE_FAMILY = "1,2";
			};
			name = Debug;
		};
		699B9A6F2A06105000848A66 /* Release */ = {
			isa = XCBuildConfiguration;
			baseConfigurationReference = 4BC363CF9055C75AFA62126F /* Pods-Star Wars Database.release.xcconfig */;
			buildSettings = {
				ASSETCATALOG_COMPILER_APPICON_NAME = AppIcon;
				ASSETCATALOG_COMPILER_GLOBAL_ACCENT_COLOR_NAME = AccentColor;
				CODE_SIGN_STYLE = Automatic;
				CURRENT_PROJECT_VERSION = 1;
				DEVELOPMENT_TEAM = 6KMVK5CC4Q;
				GENERATE_INFOPLIST_FILE = YES;
				INFOPLIST_FILE = "Star Wars Database/Info.plist";
				INFOPLIST_KEY_UIApplicationSupportsIndirectInputEvents = YES;
				INFOPLIST_KEY_UILaunchStoryboardName = LaunchScreen;
				INFOPLIST_KEY_UIMainStoryboardFile = Main;
				INFOPLIST_KEY_UISupportedInterfaceOrientations_iPad = "UIInterfaceOrientationPortrait UIInterfaceOrientationPortraitUpsideDown UIInterfaceOrientationLandscapeLeft UIInterfaceOrientationLandscapeRight";
				INFOPLIST_KEY_UISupportedInterfaceOrientations_iPhone = "UIInterfaceOrientationPortrait UIInterfaceOrientationLandscapeLeft UIInterfaceOrientationLandscapeRight";
				LD_RUNPATH_SEARCH_PATHS = (
					"$(inherited)",
					"@executable_path/Frameworks",
				);
				MARKETING_VERSION = 1.0;
				PRODUCT_BUNDLE_IDENTIFIER = "com.creative.Star-Wars-Database";
				PRODUCT_NAME = "$(TARGET_NAME)";
				SWIFT_EMIT_LOC_STRINGS = YES;
				SWIFT_VERSION = 5.0;
				TARGETED_DEVICE_FAMILY = "1,2";
			};
			name = Release;
		};
/* End XCBuildConfiguration section */

/* Begin XCConfigurationList section */
		699B9A542A06104D00848A66 /* Build configuration list for PBXProject "Star Wars Database" */ = {
			isa = XCConfigurationList;
			buildConfigurations = (
				699B9A6B2A06105000848A66 /* Debug */,
				699B9A6C2A06105000848A66 /* Release */,
			);
			defaultConfigurationIsVisible = 0;
			defaultConfigurationName = Release;
		};
		699B9A6D2A06105000848A66 /* Build configuration list for PBXNativeTarget "Star Wars Database" */ = {
			isa = XCConfigurationList;
			buildConfigurations = (
				699B9A6E2A06105000848A66 /* Debug */,
				699B9A6F2A06105000848A66 /* Release */,
			);
			defaultConfigurationIsVisible = 0;
			defaultConfigurationName = Release;
		};
/* End XCConfigurationList section */
	};
	rootObject = 699B9A512A06104D00848A66 /* Project object */;
}
